
Microsoft Visual Studio Solution File, Format Version 12.00
# Visual Studio Version 16
VisualStudioVersion = 16.0.32228.343
MinimumVisualStudioVersion = 10.0.40219.1
Project("{FAE04EC0-301F-11D3-BF4B-00C04F79EFBC}") = "Unipply_Recommendations", "Unipply_Recommendations.csproj", "{CDAEC88F-01F7-4921-9A3D-34BF04BA78CE}"
EndProject
Global
	GlobalSection(SolutionConfigurationPlatforms) = preSolution
		Debug|Any CPU = Debug|Any CPU
		Release|Any CPU = Release|Any CPU
	EndGlobalSection
	GlobalSection(ProjectConfigurationPlatforms) = postSolution
		{CDAEC88F-01F7-4921-9A3D-34BF04BA78CE}.Debug|Any CPU.ActiveCfg = Debug|Any CPU
		{CDAEC88F-01F7-4921-9A3D-34BF04BA78CE}.Debug|Any CPU.Build.0 = Debug|Any CPU
		{CDAEC88F-01F7-4921-9A3D-34BF04BA78CE}.Release|Any CPU.ActiveCfg = Release|Any CPU
		{CDAEC88F-01F7-4921-9A3D-34BF04BA78CE}.Release|Any CPU.Build.0 = Release|Any CPU
	EndGlobalSection
	GlobalSection(SolutionProperties) = preSolution
		HideSolutionNode = FALSE
	EndGlobalSection
	GlobalSection(ExtensibilityGlobals) = postSolution
		SolutionGuid = {376C7191-5619-407F-B972-3D1BFC1661D0}
	EndGlobalSection
EndGlobal
