
Microsoft Visual Studio Solution File, Format Version 12.00
# Visual Studio Version 16
VisualStudioVersion = 16.0.32228.343
MinimumVisualStudioVersion = 10.0.40219.1
Project("{FAE04EC0-301F-11D3-BF4B-00C04F79EFBC}") = "Unipply", "Unipply.csproj", "{64E406D6-43EE-4D16-B348-BDCEA04FF1AD}"
EndProject
Global
	GlobalSection(SolutionConfigurationPlatforms) = preSolution
		Debug|Any CPU = Debug|Any CPU
		Release|Any CPU = Release|Any CPU
	EndGlobalSection
	GlobalSection(ProjectConfigurationPlatforms) = postSolution
		{64E406D6-43EE-4D16-B348-BDCEA04FF1AD}.Debug|Any CPU.ActiveCfg = Debug|Any CPU
		{64E406D6-43EE-4D16-B348-BDCEA04FF1AD}.Debug|Any CPU.Build.0 = Debug|Any CPU
		{64E406D6-43EE-4D16-B348-BDCEA04FF1AD}.Release|Any CPU.ActiveCfg = Release|Any CPU
		{64E406D6-43EE-4D16-B348-BDCEA04FF1AD}.Release|Any CPU.Build.0 = Release|Any CPU
	EndGlobalSection
	GlobalSection(SolutionProperties) = preSolution
		HideSolutionNode = FALSE
	EndGlobalSection
	GlobalSection(ExtensibilityGlobals) = postSolution
		SolutionGuid = {9ACD539A-82C5-4D07-96CC-8F8BA0EAF062}
	EndGlobalSection
EndGlobal
